<?xml version="1.0" encoding="utf-8"?>
<Project ToolsVersion="4.0" xmlns="http://schemas.microsoft.com/developer/msbuild/2003">
  <ItemGroup>
    <Filter Include="main">
      <UniqueIdentifier>{fa389042-be07-489a-8ccf-54e860a4475a}</UniqueIdentifier>
    </Filter>
    <Filter Include="common">
      <UniqueIdentifier>{d4aa0fba-2808-41da-8965-91c67f235776}</UniqueIdentifier>
    </Filter>
    <Filter Include="windows">
      <UniqueIdentifier>{abbb34eb-a55a-48ee-89c6-754001a7952b}</UniqueIdentifier>
    </Filter>
    <Filter Include="rs">
      <UniqueIdentifier>{0e38b90d-e10c-4aef-ba3e-0ef1935f2967}</UniqueIdentifier>
    </Filter>
  </ItemGroup>
  <ItemGroup>
    <ClCompile Include="..\main.cpp">
      <Filter>main</Filter>
    </ClCompile>
    <ClCompile Include="..\..\common\3ds.cpp">
      <Filter>common</Filter>
    </ClCompile>
    <ClCompile Include="..\..\common\load_dds.cpp">
      <Filter>common</Filter>
    </ClCompile>
    <ClCompile Include="..\..\common\load_tga.cpp">
      <Filter>common</Filter>
    </ClCompile>
    <ClCompile Include="..\..\common\math_lib.cpp">
      <Filter>common</Filter>
    </ClCompile>
    <ClCompile Include="..\..\common\shader_loader.cpp">
      <Filter>common</Filter>
    </ClCompile>
    <ClCompile Include="..\..\common\shader_program.cpp">
      <Filter>common</Filter>
    </ClCompile>
    <ClCompile Include="..\..\common\shape.cpp">
      <Filter>common</Filter>
    </ClCompile>
    <ClCompile Include="..\..\platform\windows_gl\windows_main.cpp">
      <Filter>windows</Filter>
    </ClCompile>
  </ItemGroup>
  <ItemGroup>
    <ClInclude Include="..\..\common\3ds.h">
      <Filter>common</Filter>
    </ClInclude>
    <ClInclude Include="..\..\common\image.h">
      <Filter>common</Filter>
    </ClInclude>
    <ClInclude Include="..\..\common\math_lib.h">
      <Filter>common</Filter>
    </ClInclude>
    <ClInclude Include="..\..\common\platform.h">
      <Filter>common</Filter>
    </ClInclude>
    <ClInclude Include="..\..\common\shader_loader.h">
      <Filter>common</Filter>
    </ClInclude>
    <ClInclude Include="..\..\common\shader_program.h">
      <Filter>common</Filter>
    </ClInclude>
    <ClInclude Include="..\..\common\shape.h">
      <Filter>common</Filter>
    </ClInclude>
    <ClInclude Include="..\..\platform\windows_gl\windows_main.h">
      <Filter>windows</Filter>
    </ClInclude>
  </ItemGroup>
  <ItemGroup>
    <None Include="media\earth.ps">
      <Filter>rs</Filter>
    </None>
    <None Include="media\earth.vs">
      <Filter>rs</Filter>
    </None>
  </ItemGroup>
</Project>