<?xml version="1.0" encoding="utf-8"?>
<Project ToolsVersion="4.0" xmlns="http://schemas.microsoft.com/developer/msbuild/2003">
  <ItemGroup>
    <Filter Include="main">
      <UniqueIdentifier>{f72e58db-2472-401d-a625-1ac1abee8695}</UniqueIdentifier>
    </Filter>
    <Filter Include="common">
      <UniqueIdentifier>{b90f5708-0c8e-4062-a14d-f345b3f0ec45}</UniqueIdentifier>
    </Filter>
    <Filter Include="windows">
      <UniqueIdentifier>{a552f28f-7830-4bf5-8ba4-948126634087}</UniqueIdentifier>
    </Filter>
  </ItemGroup>
  <ItemGroup>
    <ClCompile Include="..\main.cpp">
      <Filter>main</Filter>
    </ClCompile>
    <ClCompile Include="..\..\common\3ds.cpp">
      <Filter>common</Filter>
    </ClCompile>
    <ClCompile Include="..\..\common\load_dds.cpp">
      <Filter>common</Filter>
    </ClCompile>
    <ClCompile Include="..\..\common\load_tga.cpp">
      <Filter>common</Filter>
    </ClCompile>
    <ClCompile Include="..\..\common\math_lib.cpp">
      <Filter>common</Filter>
    </ClCompile>
    <ClCompile Include="..\..\common\shader_loader.cpp">
      <Filter>common</Filter>
    </ClCompile>
    <ClCompile Include="..\..\common\shader_program.cpp">
      <Filter>common</Filter>
    </ClCompile>
    <ClCompile Include="..\..\common\shape.cpp">
      <Filter>common</Filter>
    </ClCompile>
    <ClCompile Include="..\..\platform\windows_gl\windows_main.cpp">
      <Filter>windows</Filter>
    </ClCompile>
  </ItemGroup>
  <ItemGroup>
    <ClInclude Include="..\..\common\3ds.h">
      <Filter>common</Filter>
    </ClInclude>
    <ClInclude Include="..\..\common\image.h">
      <Filter>common</Filter>
    </ClInclude>
    <ClInclude Include="..\..\common\math_lib.h">
      <Filter>common</Filter>
    </ClInclude>
    <ClInclude Include="..\..\common\platform.h">
      <Filter>common</Filter>
    </ClInclude>
    <ClInclude Include="..\..\common\shader_loader.h">
      <Filter>common</Filter>
    </ClInclude>
    <ClInclude Include="..\..\common\shader_program.h">
      <Filter>common</Filter>
    </ClInclude>
    <ClInclude Include="..\..\common\shape.h">
      <Filter>common</Filter>
    </ClInclude>
    <ClInclude Include="..\..\platform\windows_gl\windows_main.h">
      <Filter>windows</Filter>
    </ClInclude>
  </ItemGroup>
  <ItemGroup>
    <None Include="media\obj.ps" />
    <None Include="media\obj.vs" />
  </ItemGroup>
</Project>