
Microsoft Visual Studio Solution File, Format Version 10.00
# Visual Studio 2008
Project("{8BC9CEB8-8B4A-11D0-8D11-00A0C91BC942}") = "main", "main.vcproj", "{2D80FEBC-F803-414A-92D0-3779D3447E50}"
EndProject
Global
	GlobalSection(SolutionConfigurationPlatforms) = preSolution
		Debug|Win32 = Debug|Win32
		DLL ASM Debug|Win32 = DLL ASM Debug|Win32
		DLL ASM Release|Win32 = DLL ASM Release|Win32
		DLL Debug|Win32 = DLL Debug|Win32
		DLL Release|Win32 = DLL Release|Win32
		DLL VB|Win32 = DLL VB|Win32
		LIB ASM Debug|Win32 = LIB ASM Debug|Win32
		LIB ASM Release|Win32 = LIB ASM Release|Win32
		LIB Debug|Win32 = LIB Debug|Win32
		LIB Release|Win32 = LIB Release|Win32
		Release|Win32 = Release|Win32
	EndGlobalSection
	GlobalSection(ProjectConfigurationPlatforms) = postSolution
		{2D80FEBC-F803-414A-92D0-3779D3447E50}.Debug|Win32.ActiveCfg = Debug|Win32
		{2D80FEBC-F803-414A-92D0-3779D3447E50}.Debug|Win32.Build.0 = Debug|Win32
		{2D80FEBC-F803-414A-92D0-3779D3447E50}.DLL ASM Debug|Win32.ActiveCfg = Debug|Win32
		{2D80FEBC-F803-414A-92D0-3779D3447E50}.DLL ASM Debug|Win32.Build.0 = Debug|Win32
		{2D80FEBC-F803-414A-92D0-3779D3447E50}.DLL ASM Release|Win32.ActiveCfg = Release|Win32
		{2D80FEBC-F803-414A-92D0-3779D3447E50}.DLL ASM Release|Win32.Build.0 = Release|Win32
		{2D80FEBC-F803-414A-92D0-3779D3447E50}.DLL Debug|Win32.ActiveCfg = Debug|Win32
		{2D80FEBC-F803-414A-92D0-3779D3447E50}.DLL Debug|Win32.Build.0 = Debug|Win32
		{2D80FEBC-F803-414A-92D0-3779D3447E50}.DLL Release|Win32.ActiveCfg = Release|Win32
		{2D80FEBC-F803-414A-92D0-3779D3447E50}.DLL Release|Win32.Build.0 = Release|Win32
		{2D80FEBC-F803-414A-92D0-3779D3447E50}.DLL VB|Win32.ActiveCfg = Debug|Win32
		{2D80FEBC-F803-414A-92D0-3779D3447E50}.DLL VB|Win32.Build.0 = Debug|Win32
		{2D80FEBC-F803-414A-92D0-3779D3447E50}.LIB ASM Debug|Win32.ActiveCfg = Debug|Win32
		{2D80FEBC-F803-414A-92D0-3779D3447E50}.LIB ASM Debug|Win32.Build.0 = Debug|Win32
		{2D80FEBC-F803-414A-92D0-3779D3447E50}.LIB ASM Release|Win32.ActiveCfg = Release|Win32
		{2D80FEBC-F803-414A-92D0-3779D3447E50}.LIB ASM Release|Win32.Build.0 = Release|Win32
		{2D80FEBC-F803-414A-92D0-3779D3447E50}.LIB Debug|Win32.ActiveCfg = Debug|Win32
		{2D80FEBC-F803-414A-92D0-3779D3447E50}.LIB Debug|Win32.Build.0 = Debug|Win32
		{2D80FEBC-F803-414A-92D0-3779D3447E50}.LIB Release|Win32.ActiveCfg = Release|Win32
		{2D80FEBC-F803-414A-92D0-3779D3447E50}.LIB Release|Win32.Build.0 = Release|Win32
		{2D80FEBC-F803-414A-92D0-3779D3447E50}.Release|Win32.ActiveCfg = Release|Win32
		{2D80FEBC-F803-414A-92D0-3779D3447E50}.Release|Win32.Build.0 = Release|Win32
	EndGlobalSection
	GlobalSection(SolutionProperties) = preSolution
		HideSolutionNode = FALSE
	EndGlobalSection
EndGlobal
