<?xml version="1.0" encoding="utf-8"?>
<Project ToolsVersion="4.0" xmlns="http://schemas.microsoft.com/developer/msbuild/2003">
  <ItemGroup>
    <Filter Include="main">
      <UniqueIdentifier>{dd6e9f40-0b0d-4b8e-9509-d1a645986c62}</UniqueIdentifier>
    </Filter>
    <Filter Include="common">
      <UniqueIdentifier>{42b24599-d6c6-4555-9902-01abf8f167ed}</UniqueIdentifier>
    </Filter>
    <Filter Include="windows">
      <UniqueIdentifier>{abc5e139-ce3b-4000-bfdf-9eb5f55c5a46}</UniqueIdentifier>
    </Filter>
  </ItemGroup>
  <ItemGroup>
    <ClCompile Include="..\main.cpp">
      <Filter>main</Filter>
    </ClCompile>
    <ClCompile Include="..\..\common\3ds.cpp">
      <Filter>common</Filter>
    </ClCompile>
    <ClCompile Include="..\..\common\load_dds.cpp">
      <Filter>common</Filter>
    </ClCompile>
    <ClCompile Include="..\..\common\load_tga.cpp">
      <Filter>common</Filter>
    </ClCompile>
    <ClCompile Include="..\..\common\math_lib.cpp">
      <Filter>common</Filter>
    </ClCompile>
    <ClCompile Include="..\..\common\shader_loader.cpp">
      <Filter>common</Filter>
    </ClCompile>
    <ClCompile Include="..\..\common\shader_program.cpp">
      <Filter>common</Filter>
    </ClCompile>
    <ClCompile Include="..\..\common\shape.cpp">
      <Filter>common</Filter>
    </ClCompile>
    <ClCompile Include="..\..\platform\windows_gl\windows_main.cpp">
      <Filter>windows</Filter>
    </ClCompile>
  </ItemGroup>
  <ItemGroup>
    <ClInclude Include="..\..\common\3ds.h">
      <Filter>common</Filter>
    </ClInclude>
    <ClInclude Include="..\..\common\image.h">
      <Filter>common</Filter>
    </ClInclude>
    <ClInclude Include="..\..\common\math_lib.h">
      <Filter>common</Filter>
    </ClInclude>
    <ClInclude Include="..\..\common\platform.h">
      <Filter>common</Filter>
    </ClInclude>
    <ClInclude Include="..\..\common\shader_loader.h">
      <Filter>common</Filter>
    </ClInclude>
    <ClInclude Include="..\..\common\shader_program.h">
      <Filter>common</Filter>
    </ClInclude>
    <ClInclude Include="..\..\common\shape.h">
      <Filter>common</Filter>
    </ClInclude>
    <ClInclude Include="..\..\platform\windows_gl\windows_main.h">
      <Filter>windows</Filter>
    </ClInclude>
  </ItemGroup>
  <ItemGroup>
    <None Include="media\obj.ps" />
    <None Include="media\obj.vs" />
  </ItemGroup>
</Project>