<?xml version="1.0" encoding="utf-8"?>
<Project ToolsVersion="4.0" xmlns="http://schemas.microsoft.com/developer/msbuild/2003">
  <ItemGroup>
    <Filter Include="main">
      <UniqueIdentifier>{ab90334c-97aa-401e-92a6-c12f66ccca05}</UniqueIdentifier>
    </Filter>
    <Filter Include="common">
      <UniqueIdentifier>{d6d263d8-35c5-4a36-9ad2-16c74f88cb7c}</UniqueIdentifier>
    </Filter>
    <Filter Include="windows">
      <UniqueIdentifier>{86e457ca-b617-4a99-b0b3-4552cd03602c}</UniqueIdentifier>
    </Filter>
  </ItemGroup>
  <ItemGroup>
    <ClCompile Include="..\main.cpp">
      <Filter>main</Filter>
    </ClCompile>
    <ClCompile Include="..\..\common\3ds.cpp">
      <Filter>common</Filter>
    </ClCompile>
    <ClCompile Include="..\..\common\load_dds.cpp">
      <Filter>common</Filter>
    </ClCompile>
    <ClCompile Include="..\..\common\load_tga.cpp">
      <Filter>common</Filter>
    </ClCompile>
    <ClCompile Include="..\..\common\math_lib.cpp">
      <Filter>common</Filter>
    </ClCompile>
    <ClCompile Include="..\..\common\shader_loader.cpp">
      <Filter>common</Filter>
    </ClCompile>
    <ClCompile Include="..\..\common\shader_program.cpp">
      <Filter>common</Filter>
    </ClCompile>
    <ClCompile Include="..\..\common\shape.cpp">
      <Filter>common</Filter>
    </ClCompile>
    <ClCompile Include="..\..\platform\windows_gl\windows_main.cpp">
      <Filter>windows</Filter>
    </ClCompile>
  </ItemGroup>
  <ItemGroup>
    <ClInclude Include="..\..\common\3ds.h">
      <Filter>common</Filter>
    </ClInclude>
    <ClInclude Include="..\..\common\image.h">
      <Filter>common</Filter>
    </ClInclude>
    <ClInclude Include="..\..\common\math_lib.h">
      <Filter>common</Filter>
    </ClInclude>
    <ClInclude Include="..\..\common\platform.h">
      <Filter>common</Filter>
    </ClInclude>
    <ClInclude Include="..\..\common\shader_loader.h">
      <Filter>common</Filter>
    </ClInclude>
    <ClInclude Include="..\..\common\shader_program.h">
      <Filter>common</Filter>
    </ClInclude>
    <ClInclude Include="..\..\common\shape.h">
      <Filter>common</Filter>
    </ClInclude>
    <ClInclude Include="..\..\platform\windows_gl\windows_main.h">
      <Filter>windows</Filter>
    </ClInclude>
  </ItemGroup>
  <ItemGroup>
    <None Include="media\background.ps" />
    <None Include="media\background.vs" />
    <None Include="media\statue.ps" />
    <None Include="media\statue.vs" />
  </ItemGroup>
</Project>