<?xml version="1.0" encoding="utf-8"?>
<Project ToolsVersion="4.0" xmlns="http://schemas.microsoft.com/developer/msbuild/2003">
  <ItemGroup>
    <Filter Include="main">
      <UniqueIdentifier>{c67a8a88-8b88-454a-b7a5-2cbaa80fc1b0}</UniqueIdentifier>
    </Filter>
    <Filter Include="common">
      <UniqueIdentifier>{fad5edee-817c-439b-a217-18f6219c8951}</UniqueIdentifier>
    </Filter>
    <Filter Include="windows">
      <UniqueIdentifier>{310a60b9-9383-44ea-a8a5-50cdc24bf2b2}</UniqueIdentifier>
    </Filter>
    <Filter Include="rs">
      <UniqueIdentifier>{360410e4-a1b3-433a-ac34-334cf9ba6bdb}</UniqueIdentifier>
    </Filter>
  </ItemGroup>
  <ItemGroup>
    <ClCompile Include="..\main.cpp">
      <Filter>main</Filter>
    </ClCompile>
    <ClCompile Include="..\..\common\3ds.cpp">
      <Filter>common</Filter>
    </ClCompile>
    <ClCompile Include="..\..\common\load_dds.cpp">
      <Filter>common</Filter>
    </ClCompile>
    <ClCompile Include="..\..\common\load_tga.cpp">
      <Filter>common</Filter>
    </ClCompile>
    <ClCompile Include="..\..\common\math_lib.cpp">
      <Filter>common</Filter>
    </ClCompile>
    <ClCompile Include="..\..\common\shader_loader.cpp">
      <Filter>common</Filter>
    </ClCompile>
    <ClCompile Include="..\..\common\shader_program.cpp">
      <Filter>common</Filter>
    </ClCompile>
    <ClCompile Include="..\..\common\shape.cpp">
      <Filter>common</Filter>
    </ClCompile>
    <ClCompile Include="..\..\platform\windows_gl\windows_main.cpp">
      <Filter>windows</Filter>
    </ClCompile>
  </ItemGroup>
  <ItemGroup>
    <ClInclude Include="..\..\common\3ds.h">
      <Filter>common</Filter>
    </ClInclude>
    <ClInclude Include="..\..\common\image.h">
      <Filter>common</Filter>
    </ClInclude>
    <ClInclude Include="..\..\common\math_lib.h">
      <Filter>common</Filter>
    </ClInclude>
    <ClInclude Include="..\..\common\platform.h">
      <Filter>common</Filter>
    </ClInclude>
    <ClInclude Include="..\..\common\shader_loader.h">
      <Filter>common</Filter>
    </ClInclude>
    <ClInclude Include="..\..\common\shader_program.h">
      <Filter>common</Filter>
    </ClInclude>
    <ClInclude Include="..\..\common\shape.h">
      <Filter>common</Filter>
    </ClInclude>
    <ClInclude Include="..\..\platform\windows_gl\windows_main.h">
      <Filter>windows</Filter>
    </ClInclude>
  </ItemGroup>
  <ItemGroup>
    <None Include="media\background.ps">
      <Filter>rs</Filter>
    </None>
    <None Include="media\background.vs">
      <Filter>rs</Filter>
    </None>
    <None Include="media\statue.ps">
      <Filter>rs</Filter>
    </None>
    <None Include="media\statue.vs">
      <Filter>rs</Filter>
    </None>
  </ItemGroup>
</Project>